<?xml version="1.0" encoding="utf-8"?>
<Project ToolsVersion="4.0" xmlns="http://schemas.microsoft.com/developer/msbuild/2003">
  <ItemGroup>
    <Filter Include="Tester">
      <UniqueIdentifier>{4FC737F1-C7A5-4376-A066-2A32D752A2FF}</UniqueIdentifier>
      <Extensions>cpp;c;cc;cxx;def;odl;idl;hpj;bat;asm;asmx</Extensions>
    </Filter>
    <Filter Include="Core">
      <UniqueIdentifier>{b20a926e-eaf2-4348-ae40-10742a95a995}</UniqueIdentifier>
    </Filter>
    <Filter Include="Core\Network">
      <UniqueIdentifier>{9f7c5bf2-5656-4b55-9d85-7fa248e702e7}</UniqueIdentifier>
    </Filter>
    <Filter Include="Core\Util">
      <UniqueIdentifier>{b0ea59ca-aa61-4b3b-8bcb-854e968f4bbd}</UniqueIdentifier>
    </Filter>
  </ItemGroup>
  <ItemGroup>
    <ClInclude Include="KRDummy.h">
      <Filter>Tester</Filter>
    </ClInclude>
    <ClInclude Include="KRDummyRun.h">
      <Filter>Tester</Filter>
    </ClInclude>
    <ClInclude Include="LoginSession.h">
      <Filter>Tester</Filter>
    </ClInclude>
    <ClInclude Include="Packet.h">
      <Filter>Tester</Filter>
    </ClInclude>
    <ClInclude Include="protocol.h">
      <Filter>Tester</Filter>
    </ClInclude>
    <ClInclude Include="resource.h">
      <Filter>Tester</Filter>
    </ClInclude>
    <ClInclude Include="THDummy.h">
      <Filter>Tester</Filter>
    </ClInclude>
    <ClInclude Include="THDummyRun.h">
      <Filter>Tester</Filter>
    </ClInclude>
    <ClInclude Include="Config.h">
      <Filter>Tester</Filter>
    </ClInclude>
    <ClInclude Include="Dummy.h">
      <Filter>Tester</Filter>
    </ClInclude>
    <ClInclude Include="DummyRun.h">
      <Filter>Tester</Filter>
    </ClInclude>
    <ClInclude Include="DummyRunCreator.h">
      <Filter>Tester</Filter>
    </ClInclude>
    <ClInclude Include="DummyRunManager.h">
      <Filter>Tester</Filter>
    </ClInclude>
    <ClInclude Include="ErrCode.h">
      <Filter>Tester</Filter>
    </ClInclude>
    <ClInclude Include="GameSession.h">
      <Filter>Tester</Filter>
    </ClInclude>
    <ClInclude Include="IPacketParser.h">
      <Filter>Tester</Filter>
    </ClInclude>
    <ClInclude Include="..\core\IOWorker.h">
      <Filter>Core\Network</Filter>
    </ClInclude>
    <ClInclude Include="..\core\NetworkHandler.h">
      <Filter>Core\Network</Filter>
    </ClInclude>
    <ClInclude Include="..\core\Session.h">
      <Filter>Core\Network</Filter>
    </ClInclude>
    <ClInclude Include="..\core\Thread.h">
      <Filter>Core\Network</Filter>
    </ClInclude>
    <ClInclude Include="..\core\Locker.h">
      <Filter>Core\Util</Filter>
    </ClInclude>
    <ClInclude Include="..\core\Map.h">
      <Filter>Core\Util</Filter>
    </ClInclude>
    <ClInclude Include="..\core\Sync.h">
      <Filter>Core\Util</Filter>
    </ClInclude>
  </ItemGroup>
  <ItemGroup>
    <ClCompile Include="dummy.cpp">
      <Filter>Tester</Filter>
    </ClCompile>
    <ClCompile Include="DummyRun.cpp">
      <Filter>Tester</Filter>
    </ClCompile>
    <ClCompile Include="DummyRunCreator.cpp">
      <Filter>Tester</Filter>
    </ClCompile>
    <ClCompile Include="DummyRunManager.cpp">
      <Filter>Tester</Filter>
    </ClCompile>
    <ClCompile Include="GameSession.cpp">
      <Filter>Tester</Filter>
    </ClCompile>
    <ClCompile Include="KRDummyRun.cpp">
      <Filter>Tester</Filter>
    </ClCompile>
    <ClCompile Include="LoginSession.cpp">
      <Filter>Tester</Filter>
    </ClCompile>
    <ClCompile Include="Main.cpp">
      <Filter>Tester</Filter>
    </ClCompile>
    <ClCompile Include="Packet.cpp">
      <Filter>Tester</Filter>
    </ClCompile>
    <ClCompile Include="THDummyRun.cpp">
      <Filter>Tester</Filter>
    </ClCompile>
    <ClCompile Include="..\core\IOWorker.cpp">
      <Filter>Core\Network</Filter>
    </ClCompile>
    <ClCompile Include="..\core\NetworkHandler.cpp">
      <Filter>Core\Network</Filter>
    </ClCompile>
    <ClCompile Include="..\core\Session.cpp">
      <Filter>Core\Network</Filter>
    </ClCompile>
    <ClCompile Include="..\core\Thread.cpp">
      <Filter>Core\Network</Filter>
    </ClCompile>
    <ClCompile Include="..\core\Locker.cpp">
      <Filter>Core\Util</Filter>
    </ClCompile>
    <ClCompile Include="..\core\Sync.cpp">
      <Filter>Core\Util</Filter>
    </ClCompile>
  </ItemGroup>
</Project>